
Microsoft Visual Studio Solution File, Format Version 12.00
# Visual Studio Version 16
VisualStudioVersion = 16.0.29926.136
MinimumVisualStudioVersion = 10.0.40219.1
Project("{9A19103F-16F7-4668-BE54-9A1E7A4F7556}") = "ConsoleApp1", "ConsoleApp1\ConsoleApp1.csproj", "{2253A897-3512-4C8C-A532-85C12CFCAE32}"
EndProject
Project("{FAE04EC0-301F-11D3-BF4B-00C04F79EFBC}") = "ConSolStringBulder", "ConSolStringBulder\ConSolStringBulder.csproj", "{A4E8A5C5-DB27-49AC-800C-D363AE1669FD}"
EndProject
Project("{FAE04EC0-301F-11D3-BF4B-00C04F79EFBC}") = "SampleCodeIFElse", "SampleCodeIFElse\SampleCodeIFElse.csproj", "{B6DB4F8F-392A-498B-98B5-B54B4DB56B9D}"
EndProject
Project("{FAE04EC0-301F-11D3-BF4B-00C04F79EFBC}") = "SampleWhile", "SampleWhileFor\SampleWhile.csproj", "{53232EA6-6A8E-4701-A2FA-235A2176B7AA}"
EndProject
Project("{FAE04EC0-301F-11D3-BF4B-00C04F79EFBC}") = "SampleCaseWhen", "SampleCaseWhen\SampleCaseWhen.csproj", "{969E82F4-21C9-4314-92DD-3D1FE143D6A0}"
EndProject
Global
	GlobalSection(SolutionConfigurationPlatforms) = preSolution
		Debug|Any CPU = Debug|Any CPU
		Release|Any CPU = Release|Any CPU
	EndGlobalSection
	GlobalSection(ProjectConfigurationPlatforms) = postSolution
		{2253A897-3512-4C8C-A532-85C12CFCAE32}.Debug|Any CPU.ActiveCfg = Debug|Any CPU
		{2253A897-3512-4C8C-A532-85C12CFCAE32}.Debug|Any CPU.Build.0 = Debug|Any CPU
		{2253A897-3512-4C8C-A532-85C12CFCAE32}.Release|Any CPU.ActiveCfg = Release|Any CPU
		{2253A897-3512-4C8C-A532-85C12CFCAE32}.Release|Any CPU.Build.0 = Release|Any CPU
		{A4E8A5C5-DB27-49AC-800C-D363AE1669FD}.Debug|Any CPU.ActiveCfg = Debug|Any CPU
		{A4E8A5C5-DB27-49AC-800C-D363AE1669FD}.Debug|Any CPU.Build.0 = Debug|Any CPU
		{A4E8A5C5-DB27-49AC-800C-D363AE1669FD}.Release|Any CPU.ActiveCfg = Release|Any CPU
		{A4E8A5C5-DB27-49AC-800C-D363AE1669FD}.Release|Any CPU.Build.0 = Release|Any CPU
		{B6DB4F8F-392A-498B-98B5-B54B4DB56B9D}.Debug|Any CPU.ActiveCfg = Debug|Any CPU
		{B6DB4F8F-392A-498B-98B5-B54B4DB56B9D}.Debug|Any CPU.Build.0 = Debug|Any CPU
		{B6DB4F8F-392A-498B-98B5-B54B4DB56B9D}.Release|Any CPU.ActiveCfg = Release|Any CPU
		{B6DB4F8F-392A-498B-98B5-B54B4DB56B9D}.Release|Any CPU.Build.0 = Release|Any CPU
		{53232EA6-6A8E-4701-A2FA-235A2176B7AA}.Debug|Any CPU.ActiveCfg = Debug|Any CPU
		{53232EA6-6A8E-4701-A2FA-235A2176B7AA}.Debug|Any CPU.Build.0 = Debug|Any CPU
		{53232EA6-6A8E-4701-A2FA-235A2176B7AA}.Release|Any CPU.ActiveCfg = Release|Any CPU
		{53232EA6-6A8E-4701-A2FA-235A2176B7AA}.Release|Any CPU.Build.0 = Release|Any CPU
		{969E82F4-21C9-4314-92DD-3D1FE143D6A0}.Debug|Any CPU.ActiveCfg = Debug|Any CPU
		{969E82F4-21C9-4314-92DD-3D1FE143D6A0}.Debug|Any CPU.Build.0 = Debug|Any CPU
		{969E82F4-21C9-4314-92DD-3D1FE143D6A0}.Release|Any CPU.ActiveCfg = Release|Any CPU
		{969E82F4-21C9-4314-92DD-3D1FE143D6A0}.Release|Any CPU.Build.0 = Release|Any CPU
	EndGlobalSection
	GlobalSection(SolutionProperties) = preSolution
		HideSolutionNode = FALSE
	EndGlobalSection
	GlobalSection(ExtensibilityGlobals) = postSolution
		SolutionGuid = {93BD0C4A-47FB-43FC-BC44-FAA89199B516}
	EndGlobalSection
EndGlobal
